version = 1
revision = 3
requires-python = ">=3.13"

[[package]]
name = "colorama"
version = "0.4.6"
source = { registry = "https://pypi.tuna.tsinghua.edu.cn/simple" }
sdist = { url = "https://pypi.tuna.tsinghua.edu.cn/packages/d8/53/6f443c9a4a8358a93a6792e2acffb9d9d5cb0a5cfd8802644b7b1c9a02e4/colorama-0.4.6.tar.gz", hash = "sha256:08695f5cb7ed6e0531a20572697297273c47b8cae5a63ffc6d6ed5c201be6e44", size = 27697, upload-time = "2022-10-25T02:36:22.414Z" }
wheels = [
    { url = "https://pypi.tuna.tsinghua.edu.cn/packages/d1/d6/3965ed04c63042e047cb6a3e6ed1a63a35087b6a609aa3a15ed8ac56c221/colorama-0.4.6-py2.py3-none-any.whl", hash = "sha256:4f1d9991f5acc0ca119f9d443620b77f9d6b33703e51011c16baf57afb285fc6", size = 25335, upload-time = "2022-10-25T02:36:20.889Z" },
]

[[package]]
name = "frida"
version = "17.9.1"
source = { registry = "https://pypi.tuna.tsinghua.edu.cn/simple" }
sdist = { url = "https://pypi.tuna.tsinghua.edu.cn/packages/3e/b9/bf5f9fa7b4b754ec5db07046601e262179634f32546c0b680de88cd4f369/frida-17.9.1.tar.gz", hash = "sha256:93294cc26925dfcd8a54ff25bf5d1746e0bf1b9fadb1af106047e945000759e4", size = 926672, upload-time = "2026-03-27T11:30:11.03Z" }
wheels = [
    { url = "https://pypi.tuna.tsinghua.edu.cn/packages/a6/37/caab02e685217a47aed8a1dc8e91f0a951ee4327308af0aaa5343fd503e0/frida-17.9.1-cp37-abi3-macosx_10_13_x86_64.whl", hash = "sha256:21ed514da56a3cf6bd6064b117334528c9dd902512887f3f17032a3ba96aa1c7", size = 23107061, upload-time = "2026-03-27T11:29:35.468Z" },
    { url = "https://pypi.tuna.tsinghua.edu.cn/packages/aa/21/37f72cdce3e63d1a52a8c11f3c8c0464ee534ae967094b721457308abdd7/frida-17.9.1-cp37-abi3-macosx_11_0_arm64.whl", hash = "sha256:bbc552e2afb220f284719039bd061a39648ee39b58316e3d75226657c3b57404", size = 32466196, upload-time = "2026-03-27T11:29:37.977Z" },
    { url = "https://pypi.tuna.tsinghua.edu.cn/packages/fe/90/24d63cefac46c7cfe09c3a832e9f7e5b3632162cb7599dfd6167795b9769/frida-17.9.1-cp37-abi3-manylinux1_i686.whl", hash = "sha256:4c46c43f130d2c3b40f3c0c52e33d7455027c726a6e6d7c430710ffb851330f0", size = 20655829, upload-time = "2026-03-27T11:29:40.636Z" },
    { url = "https://pypi.tuna.tsinghua.edu.cn/packages/5b/23/0acbe278e255834956cc47a1d3733545608ed64f086204cf966750d190f4/frida-17.9.1-cp37-abi3-manylinux1_x86_64.whl", hash = "sha256:d24df260e79ba354404f7307de55f80e9d0d50c393ba6d1255adfcea08c6bd62", size = 32876795, upload-time = "2026-03-27T11:29:43.479Z" },
    { url = "https://pypi.tuna.tsinghua.edu.cn/packages/a2/fd/db46b22d5931ef7d6945f691b68991c5661d99b05fa1ed0fe491fb318353/frida-17.9.1-cp37-abi3-manylinux2014_aarch64.whl", hash = "sha256:a4461839e19769e4b3b799c0536dcdbb12ee46e26c37a9a6bf93cbd96efed717", size = 21464979, upload-time = "2026-03-27T11:29:46.246Z" },
    { url = "https://pypi.tuna.tsinghua.edu.cn/packages/af/d2/afcec999bf2a4c1c5fc4a3ddf400333de4a70bb980a49e6c241c4f58e7fa/frida-17.9.1-cp37-abi3-manylinux2014_armv7l.whl", hash = "sha256:3772b7b24731a64f5d13a8ac660d9e7d4a00ea07e2b461b242963c75b555e3fe", size = 19305318, upload-time = "2026-03-27T11:29:48.881Z" },
    { url = "https://pypi.tuna.tsinghua.edu.cn/packages/44/d7/3203baab36d84b223d6717c51f22e70d8694e1b8536e684d120630921723/frida-17.9.1-cp37-abi3-manylinux_2_17_aarch64.whl", hash = "sha256:0d1fb3ed3aeb265368a1f68fe4a4371b4a2eb2e7bd7cf9ab179611657da4ab8a", size = 21464980, upload-time = "2026-03-27T11:29:51.14Z" },
    { url = "https://pypi.tuna.tsinghua.edu.cn/packages/1b/0a/e3356b2cc9d0bec241fd1d38f7d7037d88996c8c0f08e5b844e1607aeeaa/frida-17.9.1-cp37-abi3-manylinux_2_17_armv7l.whl", hash = "sha256:e132df555925f1b0079d922d7f0c71011855b82e0925cc0a99caaeeff9d0b5bb", size = 19305319, upload-time = "2026-03-27T11:29:53.444Z" },
    { url = "https://pypi.tuna.tsinghua.edu.cn/packages/cd/f4/07bb67d0be35e841f350b22eb7fa39dea0b65a53acb3de13f95a44e1cfae/frida-17.9.1-cp37-abi3-manylinux_2_5_i686.whl", hash = "sha256:430d393501c68fc3413fe0b02dc3ded672f29a668264949c325bd90793b6a9e9", size = 20655835, upload-time = "2026-03-27T11:29:56.269Z" },
    { url = "https://pypi.tuna.tsinghua.edu.cn/packages/0c/a4/41e4a0cdbe3c087d76642c7aa98184049a43cedd4244978ad55df3ad8f20/frida-17.9.1-cp37-abi3-manylinux_2_5_x86_64.whl", hash = "sha256:00114569655a0884ce6f590f053512b537392756d8830361001552492906c613", size = 32876800, upload-time = "2026-03-27T11:29:58.97Z" },
    { url = "https://pypi.tuna.tsinghua.edu.cn/packages/eb/17/d3897089c9fedbf149753ec0af91d674452cb8a54b3f91f93c1384617064/frida-17.9.1-cp37-abi3-win32.whl", hash = "sha256:8bcbf74167b7b6fd3810e939f416600a1e19ef09cb1cbe4282bab2058ff46d94", size = 39270142, upload-time = "2026-03-27T11:30:01.892Z" },
    { url = "https://pypi.tuna.tsinghua.edu.cn/packages/b3/92/ac7209448a51a371857069a2966392b9c83c5ed1b15ef9f2221277dad79d/frida-17.9.1-cp37-abi3-win_amd64.whl", hash = "sha256:edb881085c686987cffb0503bc13b795f694de2ca4eed0a7526e22e5f16a8d14", size = 41910870, upload-time = "2026-03-27T11:30:05.125Z" },
    { url = "https://pypi.tuna.tsinghua.edu.cn/packages/d4/92/736e252d76d7bd10d0a665dd89071a0906fe1141417695d1f19f95287871/frida-17.9.1-cp37-abi3-win_arm64.whl", hash = "sha256:519564df2f65ec6960387d190d02cad25784b093910d888488030cbea760015a", size = 51797963, upload-time = "2026-03-27T11:30:08.407Z" },
]

[[package]]
name = "frida-tools"
version = "14.8.2"
source = { registry = "https://pypi.tuna.tsinghua.edu.cn/simple" }
dependencies = [
    { name = "colorama" },
    { name = "frida" },
    { name = "prompt-toolkit" },
    { name = "pygments" },
    { name = "websockets" },
]
sdist = { url = "https://pypi.tuna.tsinghua.edu.cn/packages/10/93/c8356884133d3f00957f98dca852a9f0406e270d7612ae9cf041aea6128d/frida_tools-14.8.2.tar.gz", hash = "sha256:a9775bc305b840cc2a5510bf5e7f570dcf36a844cea7be85c28147db66789d9d", size = 4687254, upload-time = "2026-05-01T07:54:55.391Z" }

[[package]]
name = "frida-xj-use"
version = "1.0.0"
source = { virtual = "." }
dependencies = [
    { name = "frida" },
    { name = "frida-tools" },
]

[package.metadata]
requires-dist = [
    { name = "frida", specifier = "==17.9.1" },
    { name = "frida-tools", specifier = "==14.8.2" },
]

[[package]]
name = "prompt-toolkit"
version = "3.0.53"
source = { registry = "https://pypi.tuna.tsinghua.edu.cn/simple" }
dependencies = [
    { name = "wcwidth" },
]
sdist = { url = "https://pypi.tuna.tsinghua.edu.cn/packages/7d/ea/39b988c938f75cb75d7045b5c69f8bfed47ee2152c8837fb403de29d6fb8/prompt_toolkit-3.0.53.tar.gz", hash = "sha256:9ec8a0ad96d5c56148b3f914aa79c1564c3fde5d2e6b876e7bc327e353cf8fa6", size = 435492, upload-time = "2026-07-26T20:56:14.758Z" }
wheels = [
    { url = "https://pypi.tuna.tsinghua.edu.cn/packages/54/6f/84908cad2d6aa5144abcf7b42709fe4fdb459bc640ec7ac5786e7693dabc/prompt_toolkit-3.0.53-py3-none-any.whl", hash = "sha256:01c0891d7f9237d5e339f7d3e42cdae80b7534abb1c7c0e3352efba6231492f2", size = 392288, upload-time = "2026-07-26T20:56:12.512Z" },
]

[[package]]
name = "pygments"
version = "2.21.0"
source = { registry = "https://pypi.tuna.tsinghua.edu.cn/simple" }
sdist = { url = "https://pypi.tuna.tsinghua.edu.cn/packages/49/2e/ced460408999b33da6b31b0021b0f37d329e202d4169aeb164493778f25b/pygments-2.21.0.tar.gz", hash = "sha256:610ca751c9bc2492b38eb9a38a7fbc93edbbb2d7182edaf34e66ae493dee5c8c", size = 5005329, upload-time = "2026-08-17T08:02:48.824Z" }
wheels = [
    { url = "https://pypi.tuna.tsinghua.edu.cn/packages/71/46/17f022dd3e953bf20a04a028a21ec746d942f8d2af30fa0f124fa0e6a684/pygments-2.21.0-py3-none-any.whl", hash = "sha256:2363c69b61c4a97c838da3b130dcd6468f4848992b21a82f2a63ec34377137d9", size = 1250147, upload-time = "2026-08-17T08:02:44.912Z" },
]

[[package]]
name = "wcwidth"
version = "0.8.3"
source = { registry = "https://pypi.tuna.tsinghua.edu.cn/simple" }
sdist = { url = "https://pypi.tuna.tsinghua.edu.cn/packages/36/57/ed58088fafdf4c55a0ad6bde846502567645424d7ebf325230b9237f4085/wcwidth-0.8.3.tar.gz", hash = "sha256:d128512515fbf4612e0ff21fd6380399210318b7b54a9af59dff8454cf9730eb", size = 1458450, upload-time = "2026-08-28T18:10:06.875Z" }
wheels = [
    { url = "https://pypi.tuna.tsinghua.edu.cn/packages/c4/0e/57f6bb3024a597b2e8ec4aee710ffe62ddc95af2e2bb1ee7a7abdc22c68c/wcwidth-0.8.3-py3-none-any.whl", hash = "sha256:d5b73dba6158a595ec9370350e7f2637bcac8d6c5e4fde34f30fcffb6103a5e4", size = 331669, upload-time = "2026-08-28T18:10:04.909Z" },
]

[[package]]
name = "websockets"
version = "13.1"
source = { registry = "https://pypi.tuna.tsinghua.edu.cn/simple" }
sdist = { url = "https://pypi.tuna.tsinghua.edu.cn/packages/e2/73/9223dbc7be3dcaf2a7bbf756c351ec8da04b1fa573edaf545b95f6b0c7fd/websockets-13.1.tar.gz", hash = "sha256:a3b3366087c1bc0a2795111edcadddb8b3b59509d5db5d7ea3fdd69f954a8878", size = 158549, upload-time = "2024-09-21T17:34:21.54Z" }
wheels = [
    { url = "https://pypi.tuna.tsinghua.edu.cn/packages/51/20/2b99ca918e1cbd33c53db2cace5f0c0cd8296fc77558e1908799c712e1cd/websockets-13.1-cp313-cp313-macosx_10_13_universal2.whl", hash = "sha256:a9ab1e71d3d2e54a0aa646ab6d4eebfaa5f416fe78dfe4da2839525dc5d765c6", size = 157828, upload-time = "2024-09-21T17:33:10.987Z" },
    { url = "https://pypi.tuna.tsinghua.edu.cn/packages/b8/47/0932a71d3d9c0e9483174f60713c84cee58d62839a143f21a2bcdbd2d205/websockets-13.1-cp313-cp313-macosx_10_13_x86_64.whl", hash = "sha256:b9d7439d7fab4dce00570bb906875734df13d9faa4b48e261c440a5fec6d9708", size = 155487, upload-time = "2024-09-21T17:33:12.153Z" },
    { url = "https://pypi.tuna.tsinghua.edu.cn/packages/a9/60/f1711eb59ac7a6c5e98e5637fef5302f45b6f76a2c9d64fd83bbb341377a/websockets-13.1-cp313-cp313-macosx_11_0_arm64.whl", hash = "sha256:327b74e915cf13c5931334c61e1a41040e365d380f812513a255aa804b183418", size = 155721, upload-time = "2024-09-21T17:33:13.909Z" },
    { url = "https://pypi.tuna.tsinghua.edu.cn/packages/6a/e6/ba9a8db7f9d9b0e5f829cf626ff32677f39824968317223605a6b419d445/websockets-13.1-cp313-cp313-manylinux_2_17_aarch64.manylinux2014_aarch64.whl", hash = "sha256:325b1ccdbf5e5725fdcb1b0e9ad4d2545056479d0eee392c291c1bf76206435a", size = 165609, upload-time = "2024-09-21T17:33:14.967Z" },
    { url = "https://pypi.tuna.tsinghua.edu.cn/packages/c1/22/4ec80f1b9c27a0aebd84ccd857252eda8418ab9681eb571b37ca4c5e1305/websockets-13.1-cp313-cp313-manylinux_2_5_i686.manylinux1_i686.manylinux_2_17_i686.manylinux2014_i686.whl", hash = "sha256:346bee67a65f189e0e33f520f253d5147ab76ae42493804319b5716e46dddf0f", size = 164556, upload-time = "2024-09-21T17:33:17.113Z" },
    { url = "https://pypi.tuna.tsinghua.edu.cn/packages/27/ac/35f423cb6bb15600438db80755609d27eda36d4c0b3c9d745ea12766c45e/websockets-13.1-cp313-cp313-manylinux_2_5_x86_64.manylinux1_x86_64.manylinux_2_17_x86_64.manylinux2014_x86_64.whl", hash = "sha256:91a0fa841646320ec0d3accdff5b757b06e2e5c86ba32af2e0815c96c7a603c5", size = 164993, upload-time = "2024-09-21T17:33:18.168Z" },
    { url = "https://pypi.tuna.tsinghua.edu.cn/packages/31/4e/98db4fd267f8be9e52e86b6ee4e9aa7c42b83452ea0ea0672f176224b977/websockets-13.1-cp313-cp313-musllinux_1_2_aarch64.whl", hash = "sha256:18503d2c5f3943e93819238bf20df71982d193f73dcecd26c94514f417f6b135", size = 165360, upload-time = "2024-09-21T17:33:19.233Z" },
    { url = "https://pypi.tuna.tsinghua.edu.cn/packages/3f/15/3f0de7cda70ffc94b7e7024544072bc5b26e2c1eb36545291abb755d8cdb/websockets-13.1-cp313-cp313-musllinux_1_2_i686.whl", hash = "sha256:a9cd1af7e18e5221d2878378fbc287a14cd527fdd5939ed56a18df8a31136bb2", size = 164745, upload-time = "2024-09-21T17:33:20.361Z" },
    { url = "https://pypi.tuna.tsinghua.edu.cn/packages/a1/6e/66b6b756aebbd680b934c8bdbb6dcb9ce45aad72cde5f8a7208dbb00dd36/websockets-13.1-cp313-cp313-musllinux_1_2_x86_64.whl", hash = "sha256:70c5be9f416aa72aab7a2a76c90ae0a4fe2755c1816c153c1a2bcc3333ce4ce6", size = 164732, upload-time = "2024-09-21T17:33:23.103Z" },
    { url = "https://pypi.tuna.tsinghua.edu.cn/packages/35/c6/12e3aab52c11aeb289e3dbbc05929e7a9d90d7a9173958477d3ef4f8ce2d/websockets-13.1-cp313-cp313-win32.whl", hash = "sha256:624459daabeb310d3815b276c1adef475b3e6804abaf2d9d2c061c319f7f187d", size = 158709, upload-time = "2024-09-21T17:33:24.196Z" },
    { url = "https://pypi.tuna.tsinghua.edu.cn/packages/41/d8/63d6194aae711d7263df4498200c690a9c39fb437ede10f3e157a6343e0d/websockets-13.1-cp313-cp313-win_amd64.whl", hash = "sha256:c518e84bb59c2baae725accd355c8dc517b4a3ed8db88b4bc93c78dae2974bf2", size = 159144, upload-time = "2024-09-21T17:33:25.96Z" },
    { url = "https://pypi.tuna.tsinghua.edu.cn/packages/56/27/96a5cd2626d11c8280656c6c71d8ab50fe006490ef9971ccd154e0c42cd2/websockets-13.1-py3-none-any.whl", hash = "sha256:a9a396a6ad26130cdae92ae10c36af09d9bfe6cafe69670fd3b6da9b07b4044f", size = 152134, upload-time = "2024-09-21T17:34:19.904Z" },
]
